// !$*UTF8*$!
{
	archiveVersion = 1;
	classes = {
	};
	objectVersion = 56;
	objects = {

/* Begin PBXBuildFile section */
		005651C02BAE3B170080E586 /* TunerMLApp.swift in Sources */ = {isa = PBXBuildFile; fileRef = 005651BF2BAE3B170080E586 /* TunerMLApp.swift */; };
		005651C22BAE3B170080E586 /* ContentView.swift in Sources */ = {isa = PBXBuildFile; fileRef = 005651C12BAE3B170080E586 /* ContentView.swift */; };
		005651C42BAE3B190080E586 /* Assets.xcassets in Resources */ = {isa = PBXBuildFile; fileRef = 005651C32BAE3B190080E586 /* Assets.xcassets */; };
		005651C72BAE3B190080E586 /* Preview Assets.xcassets in Resources */ = {isa = PBXBuildFile; fileRef = 005651C62BAE3B190080E586 /* Preview Assets.xcassets */; };
		005651D12BAE3B190080E586 /* PocketML_iOSTests.swift in Sources */ = {isa = PBXBuildFile; fileRef = 005651D02BAE3B190080E586 /* PocketML_iOSTests.swift */; };
		005651DB2BAE3B190080E586 /* PocketML_iOSUITests.swift in Sources */ = {isa = PBXBuildFile; fileRef = 005651DA2BAE3B190080E586 /* PocketML_iOSUITests.swift */; };
		005651DD2BAE3B190080E586 /* PocketML_iOSUITestsLaunchTests.swift in Sources */ = {isa = PBXBuildFile; fileRef = 005651DC2BAE3B190080E586 /* PocketML_iOSUITestsLaunchTests.swift */; };
		005651EA2BAF044B0080E586 /* UserLoginView.swift in Sources */ = {isa = PBXBuildFile; fileRef = 005651E92BAF044B0080E586 /* UserLoginView.swift */; };
		005651EC2BAF04720080E586 /* JobDashboardView.swift in Sources */ = {isa = PBXBuildFile; fileRef = 005651EB2BAF04720080E586 /* JobDashboardView.swift */; };
		005651F02BAF04ED0080E586 /* JobDetailsView.swift in Sources */ = {isa = PBXBuildFile; fileRef = 005651EF2BAF04ED0080E586 /* JobDetailsView.swift */; };
		005651F22BAF05050080E586 /* ClustersView.swift in Sources */ = {isa = PBXBuildFile; fileRef = 005651F12BAF05050080E586 /* ClustersView.swift */; };
		005651F42BAF05380080E586 /* ScriptsView.swift in Sources */ = {isa = PBXBuildFile; fileRef = 005651F32BAF05380080E586 /* ScriptsView.swift */; };
		005651F62BAF05470080E586 /* ScriptsDetailsView.swift in Sources */ = {isa = PBXBuildFile; fileRef = 005651F52BAF05470080E586 /* ScriptsDetailsView.swift */; };
		005651F82BAF61970080E586 /* TabNavigatorView.swift in Sources */ = {isa = PBXBuildFile; fileRef = 005651F72BAF61970080E586 /* TabNavigatorView.swift */; };
		0057E84B2BD3161E001F1E89 /* API.swift in Sources */ = {isa = PBXBuildFile; fileRef = 0057E84A2BD3161E001F1E89 /* API.swift */; };
		4971A2D82BBF7C13009D352C /* Structures.swift in Sources */ = {isa = PBXBuildFile; fileRef = 4971A2D72BBF7C13009D352C /* Structures.swift */; };
		EED1BCA42BD2F6C300684C07 /* ViewModifiers.swift in Sources */ = {isa = PBXBuildFile; fileRef = EED1BCA32BD2F6C300684C07 /* ViewModifiers.swift */; };
/* End PBXBuildFile section */

/* Begin PBXContainerItemProxy section */
		005651CD2BAE3B190080E586 /* PBXContainerItemProxy */ = {
			isa = PBXContainerItemProxy;
			containerPortal = 005651B42BAE3B170080E586 /* Project object */;
			proxyType = 1;
			remoteGlobalIDString = 005651BB2BAE3B170080E586;
			remoteInfo = TunerML;
		};
		005651D72BAE3B190080E586 /* PBXContainerItemProxy */ = {
			isa = PBXContainerItemProxy;
			containerPortal = 005651B42BAE3B170080E586 /* Project object */;
			proxyType = 1;
			remoteGlobalIDString = 005651BB2BAE3B170080E586;
			remoteInfo = TunerML;
		};
/* End PBXContainerItemProxy section */

/* Begin PBXFileReference section */
		005651BC2BAE3B170080E586 /* PocketML_iOS.app */ = {isa = PBXFileReference; explicitFileType = wrapper.application; includeInIndex = 0; path = PocketML_iOS.app; sourceTree = BUILT_PRODUCTS_DIR; };
		005651BF2BAE3B170080E586 /* TunerMLApp.swift */ = {isa = PBXFileReference; lastKnownFileType = sourcecode.swift; path = TunerMLApp.swift; sourceTree = "<group>"; };
		005651C12BAE3B170080E586 /* ContentView.swift */ = {isa = PBXFileReference; lastKnownFileType = sourcecode.swift; path = ContentView.swift; sourceTree = "<group>"; };
		005651C32BAE3B190080E586 /* Assets.xcassets */ = {isa = PBXFileReference; lastKnownFileType = folder.assetcatalog; path = Assets.xcassets; sourceTree = "<group>"; };
		005651C62BAE3B190080E586 /* Preview Assets.xcassets */ = {isa = PBXFileReference; lastKnownFileType = folder.assetcatalog; path = "Preview Assets.xcassets"; sourceTree = "<group>"; };
		005651CC2BAE3B190080E586 /* PocketML_iOSTests.xctest */ = {isa = PBXFileReference; explicitFileType = wrapper.cfbundle; includeInIndex = 0; path = PocketML_iOSTests.xctest; sourceTree = BUILT_PRODUCTS_DIR; };
		005651D02BAE3B190080E586 /* PocketML_iOSTests.swift */ = {isa = PBXFileReference; lastKnownFileType = sourcecode.swift; path = PocketML_iOSTests.swift; sourceTree = "<group>"; };
		005651D62BAE3B190080E586 /* PocketML_iOSUITests.xctest */ = {isa = PBXFileReference; explicitFileType = wrapper.cfbundle; includeInIndex = 0; path = PocketML_iOSUITests.xctest; sourceTree = BUILT_PRODUCTS_DIR; };
		005651DA2BAE3B190080E586 /* PocketML_iOSUITests.swift */ = {isa = PBXFileReference; lastKnownFileType = sourcecode.swift; path = PocketML_iOSUITests.swift; sourceTree = "<group>"; };
		005651DC2BAE3B190080E586 /* PocketML_iOSUITestsLaunchTests.swift */ = {isa = PBXFileReference; lastKnownFileType = sourcecode.swift; path = PocketML_iOSUITestsLaunchTests.swift; sourceTree = "<group>"; };
		005651E92BAF044B0080E586 /* UserLoginView.swift */ = {isa = PBXFileReference; lastKnownFileType = sourcecode.swift; path = UserLoginView.swift; sourceTree = "<group>"; };
		005651EB2BAF04720080E586 /* JobDashboardView.swift */ = {isa = PBXFileReference; lastKnownFileType = sourcecode.swift; path = JobDashboardView.swift; sourceTree = "<group>"; };
		005651EF2BAF04ED0080E586 /* JobDetailsView.swift */ = {isa = PBXFileReference; lastKnownFileType = sourcecode.swift; path = JobDetailsView.swift; sourceTree = "<group>"; };
		005651F12BAF05050080E586 /* ClustersView.swift */ = {isa = PBXFileReference; lastKnownFileType = sourcecode.swift; path = ClustersView.swift; sourceTree = "<group>"; };
		005651F32BAF05380080E586 /* ScriptsView.swift */ = {isa = PBXFileReference; lastKnownFileType = sourcecode.swift; path = ScriptsView.swift; sourceTree = "<group>"; };
		005651F52BAF05470080E586 /* ScriptsDetailsView.swift */ = {isa = PBXFileReference; lastKnownFileType = sourcecode.swift; path = ScriptsDetailsView.swift; sourceTree = "<group>"; };
		005651F72BAF61970080E586 /* TabNavigatorView.swift */ = {isa = PBXFileReference; lastKnownFileType = sourcecode.swift; path = TabNavigatorView.swift; sourceTree = "<group>"; };
		0057E84A2BD3161E001F1E89 /* API.swift */ = {isa = PBXFileReference; lastKnownFileType = sourcecode.swift; path = API.swift; sourceTree = "<group>"; };
		4971A2D72BBF7C13009D352C /* Structures.swift */ = {isa = PBXFileReference; lastKnownFileType = sourcecode.swift; path = Structures.swift; sourceTree = "<group>"; };
		EED1BCA32BD2F6C300684C07 /* ViewModifiers.swift */ = {isa = PBXFileReference; lastKnownFileType = sourcecode.swift; path = ViewModifiers.swift; sourceTree = "<group>"; };
/* End PBXFileReference section */

/* Begin PBXFrameworksBuildPhase section */
		005651B92BAE3B170080E586 /* Frameworks */ = {
			isa = PBXFrameworksBuildPhase;
			buildActionMask = 2147483647;
			files = (
			);
			runOnlyForDeploymentPostprocessing = 0;
		};
		005651C92BAE3B190080E586 /* Frameworks */ = {
			isa = PBXFrameworksBuildPhase;
			buildActionMask = 2147483647;
			files = (
			);
			runOnlyForDeploymentPostprocessing = 0;
		};
		005651D32BAE3B190080E586 /* Frameworks */ = {
			isa = PBXFrameworksBuildPhase;
			buildActionMask = 2147483647;
			files = (
			);
			runOnlyForDeploymentPostprocessing = 0;
		};
/* End PBXFrameworksBuildPhase section */

/* Begin PBXGroup section */
		005651B32BAE3B170080E586 = {
			isa = PBXGroup;
			children = (
				005651BE2BAE3B170080E586 /* PocketML_iOS */,
				005651CF2BAE3B190080E586 /* PocketML_iOSTests */,
				005651D92BAE3B190080E586 /* PocketML_iOSUITests */,
				005651BD2BAE3B170080E586 /* Products */,
			);
			sourceTree = "<group>";
		};
		005651BD2BAE3B170080E586 /* Products */ = {
			isa = PBXGroup;
			children = (
				005651BC2BAE3B170080E586 /* PocketML_iOS.app */,
				005651CC2BAE3B190080E586 /* PocketML_iOSTests.xctest */,
				005651D62BAE3B190080E586 /* PocketML_iOSUITests.xctest */,
			);
			name = Products;
			sourceTree = "<group>";
		};
		005651BE2BAE3B170080E586 /* PocketML_iOS */ = {
			isa = PBXGroup;
			children = (
				005651F72BAF61970080E586 /* TabNavigatorView.swift */,
				0057E84A2BD3161E001F1E89 /* API.swift */,
				005651E92BAF044B0080E586 /* UserLoginView.swift */,
				005651BF2BAE3B170080E586 /* TunerMLApp.swift */,
				005651C12BAE3B170080E586 /* ContentView.swift */,
				005651EB2BAF04720080E586 /* JobDashboardView.swift */,
				005651EF2BAF04ED0080E586 /* JobDetailsView.swift */,
				005651F12BAF05050080E586 /* ClustersView.swift */,
				EED1BCA32BD2F6C300684C07 /* ViewModifiers.swift */,
				005651C32BAE3B190080E586 /* Assets.xcassets */,
				005651F32BAF05380080E586 /* ScriptsView.swift */,
				4971A2D72BBF7C13009D352C /* Structures.swift */,
				005651F52BAF05470080E586 /* ScriptsDetailsView.swift */,
				005651C52BAE3B190080E586 /* Preview Content */,
			);
			path = PocketML_iOS;
			sourceTree = "<group>";
		};
		005651C52BAE3B190080E586 /* Preview Content */ = {
			isa = PBXGroup;
			children = (
				005651C62BAE3B190080E586 /* Preview Assets.xcassets */,
			);
			path = "Preview Content";
			sourceTree = "<group>";
		};
		005651CF2BAE3B190080E586 /* PocketML_iOSTests */ = {
			isa = PBXGroup;
			children = (
				005651D02BAE3B190080E586 /* PocketML_iOSTests.swift */,
			);
			path = PocketML_iOSTests;
			sourceTree = "<group>";
		};
		005651D92BAE3B190080E586 /* PocketML_iOSUITests */ = {
			isa = PBXGroup;
			children = (
				005651DA2BAE3B190080E586 /* PocketML_iOSUITests.swift */,
				005651DC2BAE3B190080E586 /* PocketML_iOSUITestsLaunchTests.swift */,
			);
			path = PocketML_iOSUITests;
			sourceTree = "<group>";
		};
/* End PBXGroup section */

/* Begin PBXNativeTarget section */
		005651BB2BAE3B170080E586 /* PocketML_iOS */ = {
			isa = PBXNativeTarget;
			buildConfigurationList = 005651E02BAE3B190080E586 /* Build configuration list for PBXNativeTarget "PocketML_iOS" */;
			buildPhases = (
				005651B82BAE3B170080E586 /* Sources */,
				005651B92BAE3B170080E586 /* Frameworks */,
				005651BA2BAE3B170080E586 /* Resources */,
			);
			buildRules = (
			);
			dependencies = (
			);
			name = PocketML_iOS;
			productName = TunerML;
			productReference = 005651BC2BAE3B170080E586 /* PocketML_iOS.app */;
			productType = "com.apple.product-type.application";
		};
		005651CB2BAE3B190080E586 /* PocketML_iOSTests */ = {
			isa = PBXNativeTarget;
			buildConfigurationList = 005651E32BAE3B190080E586 /* Build configuration list for PBXNativeTarget "PocketML_iOSTests" */;
			buildPhases = (
				005651C82BAE3B190080E586 /* Sources */,
				005651C92BAE3B190080E586 /* Frameworks */,
				005651CA2BAE3B190080E586 /* Resources */,
			);
			buildRules = (
			);
			dependencies = (
				005651CE2BAE3B190080E586 /* PBXTargetDependency */,
			);
			name = PocketML_iOSTests;
			productName = TunerMLTests;
			productReference = 005651CC2BAE3B190080E586 /* PocketML_iOSTests.xctest */;
			productType = "com.apple.product-type.bundle.unit-test";
		};
		005651D52BAE3B190080E586 /* PocketML_iOSUITests */ = {
			isa = PBXNativeTarget;
			buildConfigurationList = 005651E62BAE3B190080E586 /* Build configuration list for PBXNativeTarget "PocketML_iOSUITests" */;
			buildPhases = (
				005651D22BAE3B190080E586 /* Sources */,
				005651D32BAE3B190080E586 /* Frameworks */,
				005651D42BAE3B190080E586 /* Resources */,
			);
			buildRules = (
			);
			dependencies = (
				005651D82BAE3B190080E586 /* PBXTargetDependency */,
			);
			name = PocketML_iOSUITests;
			productName = TunerMLUITests;
			productReference = 005651D62BAE3B190080E586 /* PocketML_iOSUITests.xctest */;
			productType = "com.apple.product-type.bundle.ui-testing";
		};
/* End PBXNativeTarget section */

/* Begin PBXProject section */
		005651B42BAE3B170080E586 /* Project object */ = {
			isa = PBXProject;
			attributes = {
				BuildIndependentTargetsInParallel = 1;
				LastSwiftUpdateCheck = 1530;
				LastUpgradeCheck = 1530;
				TargetAttributes = {
					005651BB2BAE3B170080E586 = {
						CreatedOnToolsVersion = 15.3;
					};
					005651CB2BAE3B190080E586 = {
						CreatedOnToolsVersion = 15.3;
						TestTargetID = 005651BB2BAE3B170080E586;
					};
					005651D52BAE3B190080E586 = {
						CreatedOnToolsVersion = 15.3;
						TestTargetID = 005651BB2BAE3B170080E586;
					};
				};
			};
			buildConfigurationList = 005651B72BAE3B170080E586 /* Build configuration list for PBXProject "PocketML_iOS" */;
			compatibilityVersion = "Xcode 14.0";
			developmentRegion = en;
			hasScannedForEncodings = 0;
			knownRegions = (
				en,
				Base,
			);
			mainGroup = 005651B32BAE3B170080E586;
			productRefGroup = 005651BD2BAE3B170080E586 /* Products */;
			projectDirPath = "";
			projectRoot = "";
			targets = (
				005651BB2BAE3B170080E586 /* PocketML_iOS */,
				005651CB2BAE3B190080E586 /* PocketML_iOSTests */,
				005651D52BAE3B190080E586 /* PocketML_iOSUITests */,
			);
		};
/* End PBXProject section */

/* Begin PBXResourcesBuildPhase section */
		005651BA2BAE3B170080E586 /* Resources */ = {
			isa = PBXResourcesBuildPhase;
			buildActionMask = 2147483647;
			files = (
				005651C72BAE3B190080E586 /* Preview Assets.xcassets in Resources */,
				005651C42BAE3B190080E586 /* Assets.xcassets in Resources */,
			);
			runOnlyForDeploymentPostprocessing = 0;
		};
		005651CA2BAE3B190080E586 /* Resources */ = {
			isa = PBXResourcesBuildPhase;
			buildActionMask = 2147483647;
			files = (
			);
			runOnlyForDeploymentPostprocessing = 0;
		};
		005651D42BAE3B190080E586 /* Resources */ = {
			isa = PBXResourcesBuildPhase;
			buildActionMask = 2147483647;
			files = (
			);
			runOnlyForDeploymentPostprocessing = 0;
		};
/* End PBXResourcesBuildPhase section */

/* Begin PBXSourcesBuildPhase section */
		005651B82BAE3B170080E586 /* Sources */ = {
			isa = PBXSourcesBuildPhase;
			buildActionMask = 2147483647;
			files = (
				005651EA2BAF044B0080E586 /* UserLoginView.swift in Sources */,
				005651F22BAF05050080E586 /* ClustersView.swift in Sources */,
				EED1BCA42BD2F6C300684C07 /* ViewModifiers.swift in Sources */,
				005651F82BAF61970080E586 /* TabNavigatorView.swift in Sources */,
				005651C22BAE3B170080E586 /* ContentView.swift in Sources */,
				005651F42BAF05380080E586 /* ScriptsView.swift in Sources */,
				4971A2D82BBF7C13009D352C /* Structures.swift in Sources */,
				005651F62BAF05470080E586 /* ScriptsDetailsView.swift in Sources */,
				005651F02BAF04ED0080E586 /* JobDetailsView.swift in Sources */,
				005651C02BAE3B170080E586 /* TunerMLApp.swift in Sources */,
				0057E84B2BD3161E001F1E89 /* API.swift in Sources */,
				005651EC2BAF04720080E586 /* JobDashboardView.swift in Sources */,
			);
			runOnlyForDeploymentPostprocessing = 0;
		};
		005651C82BAE3B190080E586 /* Sources */ = {
			isa = PBXSourcesBuildPhase;
			buildActionMask = 2147483647;
			files = (
				005651D12BAE3B190080E586 /* PocketML_iOSTests.swift in Sources */,
			);
			runOnlyForDeploymentPostprocessing = 0;
		};
		005651D22BAE3B190080E586 /* Sources */ = {
			isa = PBXSourcesBuildPhase;
			buildActionMask = 2147483647;
			files = (
				005651DD2BAE3B190080E586 /* PocketML_iOSUITestsLaunchTests.swift in Sources */,
				005651DB2BAE3B190080E586 /* PocketML_iOSUITests.swift in Sources */,
			);
			runOnlyForDeploymentPostprocessing = 0;
		};
/* End PBXSourcesBuildPhase section */

/* Begin PBXTargetDependency section */
		005651CE2BAE3B190080E586 /* PBXTargetDependency */ = {
			isa = PBXTargetDependency;
			target = 005651BB2BAE3B170080E586 /* PocketML_iOS */;
			targetProxy = 005651CD2BAE3B190080E586 /* PBXContainerItemProxy */;
		};
		005651D82BAE3B190080E586 /* PBXTargetDependency */ = {
			isa = PBXTargetDependency;
			target = 005651BB2BAE3B170080E586 /* PocketML_iOS */;
			targetProxy = 005651D72BAE3B190080E586 /* PBXContainerItemProxy */;
		};
/* End PBXTargetDependency section */

/* Begin XCBuildConfiguration section */
		005651DE2BAE3B190080E586 /* Debug */ = {
			isa = XCBuildConfiguration;
			buildSettings = {
				ALWAYS_SEARCH_USER_PATHS = NO;
				ASSETCATALOG_COMPILER_GENERATE_SWIFT_ASSET_SYMBOL_EXTENSIONS = YES;
				CLANG_ANALYZER_NONNULL = YES;
				CLANG_ANALYZER_NUMBER_OBJECT_CONVERSION = YES_AGGRESSIVE;
				CLANG_CXX_LANGUAGE_STANDARD = "gnu++20";
				CLANG_ENABLE_MODULES = YES;
				CLANG_ENABLE_OBJC_ARC = YES;
				CLANG_ENABLE_OBJC_WEAK = YES;
				CLANG_WARN_BLOCK_CAPTURE_AUTORELEASING = YES;
				CLANG_WARN_BOOL_CONVERSION = YES;
				CLANG_WARN_COMMA = YES;
				CLANG_WARN_CONSTANT_CONVERSION = YES;
				CLANG_WARN_DEPRECATED_OBJC_IMPLEMENTATIONS = YES;
				CLANG_WARN_DIRECT_OBJC_ISA_USAGE = YES_ERROR;
				CLANG_WARN_DOCUMENTATION_COMMENTS = YES;
				CLANG_WARN_EMPTY_BODY = YES;
				CLANG_WARN_ENUM_CONVERSION = YES;
				CLANG_WARN_INFINITE_RECURSION = YES;
				CLANG_WARN_INT_CONVERSION = YES;
				CLANG_WARN_NON_LITERAL_NULL_CONVERSION = YES;
				CLANG_WARN_OBJC_IMPLICIT_RETAIN_SELF = YES;
				CLANG_WARN_OBJC_LITERAL_CONVERSION = YES;
				CLANG_WARN_OBJC_ROOT_CLASS = YES_ERROR;
				CLANG_WARN_QUOTED_INCLUDE_IN_FRAMEWORK_HEADER = YES;
				CLANG_WARN_RANGE_LOOP_ANALYSIS = YES;
				CLANG_WARN_STRICT_PROTOTYPES = YES;
				CLANG_WARN_SUSPICIOUS_MOVE = YES;
				CLANG_WARN_UNGUARDED_AVAILABILITY = YES_AGGRESSIVE;
				CLANG_WARN_UNREACHABLE_CODE = YES;
				CLANG_WARN__DUPLICATE_METHOD_MATCH = YES;
				COPY_PHASE_STRIP = NO;
				DEBUG_INFORMATION_FORMAT = dwarf;
				ENABLE_STRICT_OBJC_MSGSEND = YES;
				ENABLE_TESTABILITY = YES;
				ENABLE_USER_SCRIPT_SANDBOXING = YES;
				GCC_C_LANGUAGE_STANDARD = gnu17;
				GCC_DYNAMIC_NO_PIC = NO;
				GCC_NO_COMMON_BLOCKS = YES;
				GCC_OPTIMIZATION_LEVEL = 0;
				GCC_PREPROCESSOR_DEFINITIONS = (
					"DEBUG=1",
					"$(inherited)",
				);
				GCC_WARN_64_TO_32_BIT_CONVERSION = YES;
				GCC_WARN_ABOUT_RETURN_TYPE = YES_ERROR;
				GCC_WARN_UNDECLARED_SELECTOR = YES;
				GCC_WARN_UNINITIALIZED_AUTOS = YES_AGGRESSIVE;
				GCC_WARN_UNUSED_FUNCTION = YES;
				GCC_WARN_UNUSED_VARIABLE = YES;
				IPHONEOS_DEPLOYMENT_TARGET = 17.4;
				LOCALIZATION_PREFERS_STRING_CATALOGS = YES;
				MTL_ENABLE_DEBUG_INFO = INCLUDE_SOURCE;
				MTL_FAST_MATH = YES;
				ONLY_ACTIVE_ARCH = YES;
				SDKROOT = iphoneos;
				SWIFT_ACTIVE_COMPILATION_CONDITIONS = "DEBUG $(inherited)";
				SWIFT_OPTIMIZATION_LEVEL = "-Onone";
			};
			name = Debug;
		};
		005651DF2BAE3B190080E586 /* Release */ = {
			isa = XCBuildConfiguration;
			buildSettings = {
				ALWAYS_SEARCH_USER_PATHS = NO;
				ASSETCATALOG_COMPILER_GENERATE_SWIFT_ASSET_SYMBOL_EXTENSIONS = YES;
				CLANG_ANALYZER_NONNULL = YES;
				CLANG_ANALYZER_NUMBER_OBJECT_CONVERSION = YES_AGGRESSIVE;
				CLANG_CXX_LANGUAGE_STANDARD = "gnu++20";
				CLANG_ENABLE_MODULES = YES;
				CLANG_ENABLE_OBJC_ARC = YES;
				CLANG_ENABLE_OBJC_WEAK = YES;
				CLANG_WARN_BLOCK_CAPTURE_AUTORELEASING = YES;
				CLANG_WARN_BOOL_CONVERSION = YES;
				CLANG_WARN_COMMA = YES;
				CLANG_WARN_CONSTANT_CONVERSION = YES;
				CLANG_WARN_DEPRECATED_OBJC_IMPLEMENTATIONS = YES;
				CLANG_WARN_DIRECT_OBJC_ISA_USAGE = YES_ERROR;
				CLANG_WARN_DOCUMENTATION_COMMENTS = YES;
				CLANG_WARN_EMPTY_BODY = YES;
				CLANG_WARN_ENUM_CONVERSION = YES;
				CLANG_WARN_INFINITE_RECURSION = YES;
				CLANG_WARN_INT_CONVERSION = YES;
				CLANG_WARN_NON_LITERAL_NULL_CONVERSION = YES;
				CLANG_WARN_OBJC_IMPLICIT_RETAIN_SELF = YES;
				CLANG_WARN_OBJC_LITERAL_CONVERSION = YES;
				CLANG_WARN_OBJC_ROOT_CLASS = YES_ERROR;
				CLANG_WARN_QUOTED_INCLUDE_IN_FRAMEWORK_HEADER = YES;
				CLANG_WARN_RANGE_LOOP_ANALYSIS = YES;
				CLANG_WARN_STRICT_PROTOTYPES = YES;
				CLANG_WARN_SUSPICIOUS_MOVE = YES;
				CLANG_WARN_UNGUARDED_AVAILABILITY = YES_AGGRESSIVE;
				CLANG_WARN_UNREACHABLE_CODE = YES;
				CLANG_WARN__DUPLICATE_METHOD_MATCH = YES;
				COPY_PHASE_STRIP = NO;
				DEBUG_INFORMATION_FORMAT = "dwarf-with-dsym";
				ENABLE_NS_ASSERTIONS = NO;
				ENABLE_STRICT_OBJC_MSGSEND = YES;
				ENABLE_USER_SCRIPT_SANDBOXING = YES;
				GCC_C_LANGUAGE_STANDARD = gnu17;
				GCC_NO_COMMON_BLOCKS = YES;
				GCC_WARN_64_TO_32_BIT_CONVERSION = YES;
				GCC_WARN_ABOUT_RETURN_TYPE = YES_ERROR;
				GCC_WARN_UNDECLARED_SELECTOR = YES;
				GCC_WARN_UNINITIALIZED_AUTOS = YES_AGGRESSIVE;
				GCC_WARN_UNUSED_FUNCTION = YES;
				GCC_WARN_UNUSED_VARIABLE = YES;
				IPHONEOS_DEPLOYMENT_TARGET = 17.4;
				LOCALIZATION_PREFERS_STRING_CATALOGS = YES;
				MTL_ENABLE_DEBUG_INFO = NO;
				MTL_FAST_MATH = YES;
				SDKROOT = iphoneos;
				SWIFT_COMPILATION_MODE = wholemodule;
				VALIDATE_PRODUCT = YES;
			};
			name = Release;
		};
		005651E12BAE3B190080E586 /* Debug */ = {
			isa = XCBuildConfiguration;
			buildSettings = {
				ASSETCATALOG_COMPILER_APPICON_NAME = AppIcon;
				ASSETCATALOG_COMPILER_GLOBAL_ACCENT_COLOR_NAME = AccentColor;
				CODE_SIGN_STYLE = Automatic;
				CURRENT_PROJECT_VERSION = 1;
				DEVELOPMENT_ASSET_PATHS = "\"PocketML_iOS/Preview Content\"";
				DEVELOPMENT_TEAM = W2YH654JDR;
				ENABLE_PREVIEWS = YES;
				GENERATE_INFOPLIST_FILE = YES;
				INFOPLIST_KEY_UIApplicationSceneManifest_Generation = YES;
				INFOPLIST_KEY_UIApplicationSupportsIndirectInputEvents = YES;
				INFOPLIST_KEY_UILaunchScreen_Generation = YES;
				INFOPLIST_KEY_UISupportedInterfaceOrientations_iPad = "UIInterfaceOrientationPortrait UIInterfaceOrientationPortraitUpsideDown UIInterfaceOrientationLandscapeLeft UIInterfaceOrientationLandscapeRight";
				INFOPLIST_KEY_UISupportedInterfaceOrientations_iPhone = "UIInterfaceOrientationPortrait UIInterfaceOrientationLandscapeLeft UIInterfaceOrientationLandscapeRight";
				LD_RUNPATH_SEARCH_PATHS = (
					"$(inherited)",
					"@executable_path/Frameworks",
				);
				MARKETING_VERSION = 1.0;
				PRODUCT_BUNDLE_IDENTIFIER = com.iosPractice..TunerML;
				PRODUCT_NAME = "$(TARGET_NAME)";
				SWIFT_EMIT_LOC_STRINGS = YES;
				SWIFT_VERSION = 5.0;
				TARGETED_DEVICE_FAMILY = "1,2";
			};
			name = Debug;
		};
		005651E22BAE3B190080E586 /* Release */ = {
			isa = XCBuildConfiguration;
			buildSettings = {
				ASSETCATALOG_COMPILER_APPICON_NAME = AppIcon;
				ASSETCATALOG_COMPILER_GLOBAL_ACCENT_COLOR_NAME = AccentColor;
				CODE_SIGN_STYLE = Automatic;
				CURRENT_PROJECT_VERSION = 1;
				DEVELOPMENT_ASSET_PATHS = "\"PocketML_iOS/Preview Content\"";
				DEVELOPMENT_TEAM = W2YH654JDR;
				ENABLE_PREVIEWS = YES;
				GENERATE_INFOPLIST_FILE = YES;
				INFOPLIST_KEY_UIApplicationSceneManifest_Generation = YES;
				INFOPLIST_KEY_UIApplicationSupportsIndirectInputEvents = YES;
				INFOPLIST_KEY_UILaunchScreen_Generation = YES;
				INFOPLIST_KEY_UISupportedInterfaceOrientations_iPad = "UIInterfaceOrientationPortrait UIInterfaceOrientationPortraitUpsideDown UIInterfaceOrientationLandscapeLeft UIInterfaceOrientationLandscapeRight";
				INFOPLIST_KEY_UISupportedInterfaceOrientations_iPhone = "UIInterfaceOrientationPortrait UIInterfaceOrientationLandscapeLeft UIInterfaceOrientationLandscapeRight";
				LD_RUNPATH_SEARCH_PATHS = (
					"$(inherited)",
					"@executable_path/Frameworks",
				);
				MARKETING_VERSION = 1.0;
				PRODUCT_BUNDLE_IDENTIFIER = com.iosPractice..TunerML;
				PRODUCT_NAME = "$(TARGET_NAME)";
				SWIFT_EMIT_LOC_STRINGS = YES;
				SWIFT_VERSION = 5.0;
				TARGETED_DEVICE_FAMILY = "1,2";
			};
			name = Release;
		};
		005651E42BAE3B190080E586 /* Debug */ = {
			isa = XCBuildConfiguration;
			buildSettings = {
				ALWAYS_EMBED_SWIFT_STANDARD_LIBRARIES = YES;
				BUNDLE_LOADER = "$(TEST_HOST)";
				CODE_SIGN_STYLE = Automatic;
				CURRENT_PROJECT_VERSION = 1;
				DEVELOPMENT_TEAM = W2YH654JDR;
				GENERATE_INFOPLIST_FILE = YES;
				IPHONEOS_DEPLOYMENT_TARGET = 17.4;
				MARKETING_VERSION = 1.0;
				PRODUCT_BUNDLE_IDENTIFIER = com.iosPractice..TunerMLTests;
				PRODUCT_NAME = "$(TARGET_NAME)";
				SWIFT_EMIT_LOC_STRINGS = NO;
				SWIFT_VERSION = 5.0;
				TARGETED_DEVICE_FAMILY = "1,2";
				TEST_HOST = "$(BUILT_PRODUCTS_DIR)/PocketML_iOS.app/$(BUNDLE_EXECUTABLE_FOLDER_PATH)/PocketML_iOS";
			};
			name = Debug;
		};
		005651E52BAE3B190080E586 /* Release */ = {
			isa = XCBuildConfiguration;
			buildSettings = {
				ALWAYS_EMBED_SWIFT_STANDARD_LIBRARIES = YES;
				BUNDLE_LOADER = "$(TEST_HOST)";
				CODE_SIGN_STYLE = Automatic;
				CURRENT_PROJECT_VERSION = 1;
				DEVELOPMENT_TEAM = W2YH654JDR;
				GENERATE_INFOPLIST_FILE = YES;
				IPHONEOS_DEPLOYMENT_TARGET = 17.4;
				MARKETING_VERSION = 1.0;
				PRODUCT_BUNDLE_IDENTIFIER = com.iosPractice..TunerMLTests;
				PRODUCT_NAME = "$(TARGET_NAME)";
				SWIFT_EMIT_LOC_STRINGS = NO;
				SWIFT_VERSION = 5.0;
				TARGETED_DEVICE_FAMILY = "1,2";
				TEST_HOST = "$(BUILT_PRODUCTS_DIR)/PocketML_iOS.app/$(BUNDLE_EXECUTABLE_FOLDER_PATH)/PocketML_iOS";
			};
			name = Release;
		};
		005651E72BAE3B190080E586 /* Debug */ = {
			isa = XCBuildConfiguration;
			buildSettings = {
				ALWAYS_EMBED_SWIFT_STANDARD_LIBRARIES = YES;
				CODE_SIGN_STYLE = Automatic;
				CURRENT_PROJECT_VERSION = 1;
				DEVELOPMENT_TEAM = W2YH654JDR;
				GENERATE_INFOPLIST_FILE = YES;
				MARKETING_VERSION = 1.0;
				PRODUCT_BUNDLE_IDENTIFIER = com.iosPractice..TunerMLUITests;
				PRODUCT_NAME = "$(TARGET_NAME)";
				SWIFT_EMIT_LOC_STRINGS = NO;
				SWIFT_VERSION = 5.0;
				TARGETED_DEVICE_FAMILY = "1,2";
				TEST_TARGET_NAME = TunerML;
			};
			name = Debug;
		};
		005651E82BAE3B190080E586 /* Release */ = {
			isa = XCBuildConfiguration;
			buildSettings = {
				ALWAYS_EMBED_SWIFT_STANDARD_LIBRARIES = YES;
				CODE_SIGN_STYLE = Automatic;
				CURRENT_PROJECT_VERSION = 1;
				DEVELOPMENT_TEAM = W2YH654JDR;
				GENERATE_INFOPLIST_FILE = YES;
				MARKETING_VERSION = 1.0;
				PRODUCT_BUNDLE_IDENTIFIER = com.iosPractice..TunerMLUITests;
				PRODUCT_NAME = "$(TARGET_NAME)";
				SWIFT_EMIT_LOC_STRINGS = NO;
				SWIFT_VERSION = 5.0;
				TARGETED_DEVICE_FAMILY = "1,2";
				TEST_TARGET_NAME = TunerML;
			};
			name = Release;
		};
/* End XCBuildConfiguration section */

/* Begin XCConfigurationList section */
		005651B72BAE3B170080E586 /* Build configuration list for PBXProject "PocketML_iOS" */ = {
			isa = XCConfigurationList;
			buildConfigurations = (
				005651DE2BAE3B190080E586 /* Debug */,
				005651DF2BAE3B190080E586 /* Release */,
			);
			defaultConfigurationIsVisible = 0;
			defaultConfigurationName = Release;
		};
		005651E02BAE3B190080E586 /* Build configuration list for PBXNativeTarget "PocketML_iOS" */ = {
			isa = XCConfigurationList;
			buildConfigurations = (
				005651E12BAE3B190080E586 /* Debug */,
				005651E22BAE3B190080E586 /* Release */,
			);
			defaultConfigurationIsVisible = 0;
			defaultConfigurationName = Release;
		};
		005651E32BAE3B190080E586 /* Build configuration list for PBXNativeTarget "PocketML_iOSTests" */ = {
			isa = XCConfigurationList;
			buildConfigurations = (
				005651E42BAE3B190080E586 /* Debug */,
				005651E52BAE3B190080E586 /* Release */,
			);
			defaultConfigurationIsVisible = 0;
			defaultConfigurationName = Release;
		};
		005651E62BAE3B190080E586 /* Build configuration list for PBXNativeTarget "PocketML_iOSUITests" */ = {
			isa = XCConfigurationList;
			buildConfigurations = (
				005651E72BAE3B190080E586 /* Debug */,
				005651E82BAE3B190080E586 /* Release */,
			);
			defaultConfigurationIsVisible = 0;
			defaultConfigurationName = Release;
		};
/* End XCConfigurationList section */
	};
	rootObject = 005651B42BAE3B170080E586 /* Project object */;
}
