// !$*UTF8*$!
{
	archiveVersion = 1;
	classes = {
	};
	objectVersion = 56;
	objects = {

/* Begin PBXBuildFile section */
		005651C02BAE3B170080E586 /* TunerMLApp-done.swift in Sources */ = {isa = PBXBuildFile; fileRef = 005651BF2BAE3B170080E586 /* TunerMLApp-done.swift */; };
		005651C22BAE3B170080E586 /* ContentView-done.swift in Sources */ = {isa = PBXBuildFile; fileRef = 005651C12BAE3B170080E586 /* ContentView-done.swift */; };
		005651C42BAE3B190080E586 /* Assets.xcassets in Resources */ = {isa = PBXBuildFile; fileRef = 005651C32BAE3B190080E586 /* Assets.xcassets */; };
		005651C72BAE3B190080E586 /* Preview Assets.xcassets in Resources */ = {isa = PBXBuildFile; fileRef = 005651C62BAE3B190080E586 /* Preview Assets.xcassets */; };
		005651D12BAE3B190080E586 /* PocketML_iOSTests.swift in Sources */ = {isa = PBXBuildFile; fileRef = 005651D02BAE3B190080E586 /* PocketML_iOSTests.swift */; };
		005651DB2BAE3B190080E586 /* PocketML_iOSUITests.swift in Sources */ = {isa = PBXBuildFile; fileRef = 005651DA2BAE3B190080E586 /* PocketML_iOSUITests.swift */; };
		005651DD2BAE3B190080E586 /* PocketML_iOSUITestsLaunchTests.swift in Sources */ = {isa = PBXBuildFile; fileRef = 005651DC2BAE3B190080E586 /* PocketML_iOSUITestsLaunchTests.swift */; };
		005651EA2BAF044B0080E586 /* UserLoginView-done.swift in Sources */ = {isa = PBXBuildFile; fileRef = 005651E92BAF044B0080E586 /* UserLoginView-done.swift */; };
		005651EC2BAF04720080E586 /* JobDashboardView-done.swift in Sources */ = {isa = PBXBuildFile; fileRef = 005651EB2BAF04720080E586 /* JobDashboardView-done.swift */; };
		005651F02BAF04ED0080E586 /* JobDetailsView-done.swift in Sources */ = {isa = PBXBuildFile; fileRef = 005651EF2BAF04ED0080E586 /* JobDetailsView-done.swift */; };
		005651F22BAF05050080E586 /* ClustersView-done.swift in Sources */ = {isa = PBXBuildFile; fileRef = 005651F12BAF05050080E586 /* ClustersView-done.swift */; };
		005651F42BAF05380080E586 /* ScriptsView-done.swift in Sources */ = {isa = PBXBuildFile; fileRef = 005651F32BAF05380080E586 /* ScriptsView-done.swift */; };
		005651F62BAF05470080E586 /* ScriptsDetailsView-done.swift in Sources */ = {isa = PBXBuildFile; fileRef = 005651F52BAF05470080E586 /* ScriptsDetailsView-done.swift */; };
		005651F82BAF61970080E586 /* TabNavigatorView-done.swift in Sources */ = {isa = PBXBuildFile; fileRef = 005651F72BAF61970080E586 /* TabNavigatorView-done.swift */; };
		0057E84D2BE569D0001F1E89 /* JobsVM-done.swift in Sources */ = {isa = PBXBuildFile; fileRef = 0057E84C2BE569D0001F1E89 /* JobsVM-done.swift */; };
		0057E8582BE57561001F1E89 /* JobInfoVM-done.swift in Sources */ = {isa = PBXBuildFile; fileRef = 0057E8572BE57561001F1E89 /* JobInfoVM-done.swift */; };
		496DA1922BE6DD5700FAF8F0 /* FirebaseAnalytics in Frameworks */ = {isa = PBXBuildFile; productRef = 496DA1912BE6DD5700FAF8F0 /* FirebaseAnalytics */; };
		496DA1942BE6DD5700FAF8F0 /* FirebaseAnalyticsOnDeviceConversion in Frameworks */ = {isa = PBXBuildFile; productRef = 496DA1932BE6DD5700FAF8F0 /* FirebaseAnalyticsOnDeviceConversion */; };
		496DA1962BE6DD5700FAF8F0 /* FirebaseAnalyticsSwift in Frameworks */ = {isa = PBXBuildFile; productRef = 496DA1952BE6DD5700FAF8F0 /* FirebaseAnalyticsSwift */; };
		496DA1982BE6DD5700FAF8F0 /* FirebaseAnalyticsWithoutAdIdSupport in Frameworks */ = {isa = PBXBuildFile; productRef = 496DA1972BE6DD5700FAF8F0 /* FirebaseAnalyticsWithoutAdIdSupport */; };
		496DA19A2BE6DD5700FAF8F0 /* FirebaseAppCheck in Frameworks */ = {isa = PBXBuildFile; productRef = 496DA1992BE6DD5700FAF8F0 /* FirebaseAppCheck */; };
		496DA19C2BE6DD5700FAF8F0 /* FirebaseAppDistribution-Beta in Frameworks */ = {isa = PBXBuildFile; productRef = 496DA19B2BE6DD5700FAF8F0 /* FirebaseAppDistribution-Beta */; };
		496DA19E2BE6DD5700FAF8F0 /* FirebaseAuth in Frameworks */ = {isa = PBXBuildFile; productRef = 496DA19D2BE6DD5700FAF8F0 /* FirebaseAuth */; };
		496DA1A02BE6DD5700FAF8F0 /* FirebaseAuthCombine-Community in Frameworks */ = {isa = PBXBuildFile; productRef = 496DA19F2BE6DD5700FAF8F0 /* FirebaseAuthCombine-Community */; };
		496DA1A22BE6DD5700FAF8F0 /* FirebaseCrashlytics in Frameworks */ = {isa = PBXBuildFile; productRef = 496DA1A12BE6DD5700FAF8F0 /* FirebaseCrashlytics */; };
		496DA1A42BE6DD5700FAF8F0 /* FirebaseDatabase in Frameworks */ = {isa = PBXBuildFile; productRef = 496DA1A32BE6DD5700FAF8F0 /* FirebaseDatabase */; };
		496DA1A62BE6DD5700FAF8F0 /* FirebaseDatabaseSwift in Frameworks */ = {isa = PBXBuildFile; productRef = 496DA1A52BE6DD5700FAF8F0 /* FirebaseDatabaseSwift */; };
		496DA1A82BE6DD5700FAF8F0 /* FirebaseDynamicLinks in Frameworks */ = {isa = PBXBuildFile; productRef = 496DA1A72BE6DD5700FAF8F0 /* FirebaseDynamicLinks */; };
		496DA1AA2BE6DD5700FAF8F0 /* FirebaseFirestore in Frameworks */ = {isa = PBXBuildFile; productRef = 496DA1A92BE6DD5700FAF8F0 /* FirebaseFirestore */; };
		496DA1AC2BE6DD5700FAF8F0 /* FirebaseFirestoreCombine-Community in Frameworks */ = {isa = PBXBuildFile; productRef = 496DA1AB2BE6DD5700FAF8F0 /* FirebaseFirestoreCombine-Community */; };
		496DA1AE2BE6DD5700FAF8F0 /* FirebaseFirestoreSwift in Frameworks */ = {isa = PBXBuildFile; productRef = 496DA1AD2BE6DD5700FAF8F0 /* FirebaseFirestoreSwift */; };
		496DA1B02BE6DD5700FAF8F0 /* FirebaseFunctions in Frameworks */ = {isa = PBXBuildFile; productRef = 496DA1AF2BE6DD5700FAF8F0 /* FirebaseFunctions */; };
		496DA1B22BE6DD5700FAF8F0 /* FirebaseFunctionsCombine-Community in Frameworks */ = {isa = PBXBuildFile; productRef = 496DA1B12BE6DD5700FAF8F0 /* FirebaseFunctionsCombine-Community */; };
		496DA1B42BE6DD5700FAF8F0 /* FirebaseInAppMessaging-Beta in Frameworks */ = {isa = PBXBuildFile; productRef = 496DA1B32BE6DD5700FAF8F0 /* FirebaseInAppMessaging-Beta */; };
		496DA1B62BE6DD5700FAF8F0 /* FirebaseInAppMessagingSwift-Beta in Frameworks */ = {isa = PBXBuildFile; productRef = 496DA1B52BE6DD5700FAF8F0 /* FirebaseInAppMessagingSwift-Beta */; };
		496DA1B82BE6DD5700FAF8F0 /* FirebaseInstallations in Frameworks */ = {isa = PBXBuildFile; productRef = 496DA1B72BE6DD5700FAF8F0 /* FirebaseInstallations */; };
		496DA1BA2BE6DD5700FAF8F0 /* FirebaseMLModelDownloader in Frameworks */ = {isa = PBXBuildFile; productRef = 496DA1B92BE6DD5700FAF8F0 /* FirebaseMLModelDownloader */; };
		496DA1BC2BE6DD5700FAF8F0 /* FirebaseMessaging in Frameworks */ = {isa = PBXBuildFile; productRef = 496DA1BB2BE6DD5700FAF8F0 /* FirebaseMessaging */; };
		496DA1BE2BE6DD5700FAF8F0 /* FirebasePerformance in Frameworks */ = {isa = PBXBuildFile; productRef = 496DA1BD2BE6DD5700FAF8F0 /* FirebasePerformance */; };
		496DA1C02BE6DD5700FAF8F0 /* FirebaseRemoteConfig in Frameworks */ = {isa = PBXBuildFile; productRef = 496DA1BF2BE6DD5700FAF8F0 /* FirebaseRemoteConfig */; };
		496DA1C22BE6DD5700FAF8F0 /* FirebaseRemoteConfigSwift in Frameworks */ = {isa = PBXBuildFile; productRef = 496DA1C12BE6DD5700FAF8F0 /* FirebaseRemoteConfigSwift */; };
		496DA1C42BE6DD5700FAF8F0 /* FirebaseStorage in Frameworks */ = {isa = PBXBuildFile; productRef = 496DA1C32BE6DD5700FAF8F0 /* FirebaseStorage */; };
		496DA1C62BE6DD5700FAF8F0 /* FirebaseStorageCombine-Community in Frameworks */ = {isa = PBXBuildFile; productRef = 496DA1C52BE6DD5700FAF8F0 /* FirebaseStorageCombine-Community */; };
		496DA1C82BE6DF1700FAF8F0 /* AuthenticationManager-done.swift in Sources */ = {isa = PBXBuildFile; fileRef = 496DA1C72BE6DF1700FAF8F0 /* AuthenticationManager-done.swift */; };
		4971A2D82BBF7C13009D352C /* Structures-done.swift in Sources */ = {isa = PBXBuildFile; fileRef = 4971A2D72BBF7C13009D352C /* Structures-done.swift */; };
		C0CDF8F22BE716F10086982B /* GoogleService-Info.plist in Resources */ = {isa = PBXBuildFile; fileRef = C0CDF8F12BE716F10086982B /* GoogleService-Info.plist */; };
		EED1BCA42BD2F6C300684C07 /* ViewModifiers-done.swift in Sources */ = {isa = PBXBuildFile; fileRef = EED1BCA32BD2F6C300684C07 /* ViewModifiers-done.swift */; };
/* End PBXBuildFile section */

/* Begin PBXContainerItemProxy section */
		005651CD2BAE3B190080E586 /* PBXContainerItemProxy */ = {
			isa = PBXContainerItemProxy;
			containerPortal = 005651B42BAE3B170080E586 /* Project object */;
			proxyType = 1;
			remoteGlobalIDString = 005651BB2BAE3B170080E586;
			remoteInfo = TunerML;
		};
		005651D72BAE3B190080E586 /* PBXContainerItemProxy */ = {
			isa = PBXContainerItemProxy;
			containerPortal = 005651B42BAE3B170080E586 /* Project object */;
			proxyType = 1;
			remoteGlobalIDString = 005651BB2BAE3B170080E586;
			remoteInfo = TunerML;
		};
/* End PBXContainerItemProxy section */

/* Begin PBXFileReference section */
		005651BC2BAE3B170080E586 /* PocketML_iOS.app */ = {isa = PBXFileReference; explicitFileType = wrapper.application; includeInIndex = 0; path = PocketML_iOS.app; sourceTree = BUILT_PRODUCTS_DIR; };
		005651BF2BAE3B170080E586 /* TunerMLApp-done.swift */ = {isa = PBXFileReference; lastKnownFileType = sourcecode.swift; path = "TunerMLApp-done.swift"; sourceTree = "<group>"; };
		005651C12BAE3B170080E586 /* ContentView-done.swift */ = {isa = PBXFileReference; lastKnownFileType = sourcecode.swift; path = "ContentView-done.swift"; sourceTree = "<group>"; };
		005651C32BAE3B190080E586 /* Assets.xcassets */ = {isa = PBXFileReference; lastKnownFileType = folder.assetcatalog; path = Assets.xcassets; sourceTree = "<group>"; };
		005651C62BAE3B190080E586 /* Preview Assets.xcassets */ = {isa = PBXFileReference; lastKnownFileType = folder.assetcatalog; path = "Preview Assets.xcassets"; sourceTree = "<group>"; };
		005651CC2BAE3B190080E586 /* PocketML_iOSTests.xctest */ = {isa = PBXFileReference; explicitFileType = wrapper.cfbundle; includeInIndex = 0; path = PocketML_iOSTests.xctest; sourceTree = BUILT_PRODUCTS_DIR; };
		005651D02BAE3B190080E586 /* PocketML_iOSTests.swift */ = {isa = PBXFileReference; lastKnownFileType = sourcecode.swift; path = PocketML_iOSTests.swift; sourceTree = "<group>"; };
		005651D62BAE3B190080E586 /* PocketML_iOSUITests.xctest */ = {isa = PBXFileReference; explicitFileType = wrapper.cfbundle; includeInIndex = 0; path = PocketML_iOSUITests.xctest; sourceTree = BUILT_PRODUCTS_DIR; };
		005651DA2BAE3B190080E586 /* PocketML_iOSUITests.swift */ = {isa = PBXFileReference; lastKnownFileType = sourcecode.swift; path = PocketML_iOSUITests.swift; sourceTree = "<group>"; };
		005651DC2BAE3B190080E586 /* PocketML_iOSUITestsLaunchTests.swift */ = {isa = PBXFileReference; lastKnownFileType = sourcecode.swift; path = PocketML_iOSUITestsLaunchTests.swift; sourceTree = "<group>"; };
		005651E92BAF044B0080E586 /* UserLoginView-done.swift */ = {isa = PBXFileReference; lastKnownFileType = sourcecode.swift; path = "UserLoginView-done.swift"; sourceTree = "<group>"; };
		005651EB2BAF04720080E586 /* JobDashboardView-done.swift */ = {isa = PBXFileReference; lastKnownFileType = sourcecode.swift; path = "JobDashboardView-done.swift"; sourceTree = "<group>"; };
		005651EF2BAF04ED0080E586 /* JobDetailsView-done.swift */ = {isa = PBXFileReference; lastKnownFileType = sourcecode.swift; path = "JobDetailsView-done.swift"; sourceTree = "<group>"; };
		005651F12BAF05050080E586 /* ClustersView-done.swift */ = {isa = PBXFileReference; lastKnownFileType = sourcecode.swift; path = "ClustersView-done.swift"; sourceTree = "<group>"; };
		005651F32BAF05380080E586 /* ScriptsView-done.swift */ = {isa = PBXFileReference; lastKnownFileType = sourcecode.swift; path = "ScriptsView-done.swift"; sourceTree = "<group>"; };
		005651F52BAF05470080E586 /* ScriptsDetailsView-done.swift */ = {isa = PBXFileReference; lastKnownFileType = sourcecode.swift; path = "ScriptsDetailsView-done.swift"; sourceTree = "<group>"; };
		005651F72BAF61970080E586 /* TabNavigatorView-done.swift */ = {isa = PBXFileReference; lastKnownFileType = sourcecode.swift; path = "TabNavigatorView-done.swift"; sourceTree = "<group>"; };
		0057E84C2BE569D0001F1E89 /* JobsVM-done.swift */ = {isa = PBXFileReference; lastKnownFileType = sourcecode.swift; path = "JobsVM-done.swift"; sourceTree = "<group>"; };
		0057E8572BE57561001F1E89 /* JobInfoVM-done.swift */ = {isa = PBXFileReference; lastKnownFileType = sourcecode.swift; path = "JobInfoVM-done.swift"; sourceTree = "<group>"; };
		496DA1C72BE6DF1700FAF8F0 /* AuthenticationManager-done.swift */ = {isa = PBXFileReference; lastKnownFileType = sourcecode.swift; path = "AuthenticationManager-done.swift"; sourceTree = "<group>"; };
		4971A2D72BBF7C13009D352C /* Structures-done.swift */ = {isa = PBXFileReference; lastKnownFileType = sourcecode.swift; path = "Structures-done.swift"; sourceTree = "<group>"; };
		C0CDF8F12BE716F10086982B /* GoogleService-Info.plist */ = {isa = PBXFileReference; fileEncoding = 4; lastKnownFileType = text.plist.xml; path = "GoogleService-Info.plist"; sourceTree = "<group>"; };
		EED1BCA32BD2F6C300684C07 /* ViewModifiers-done.swift */ = {isa = PBXFileReference; lastKnownFileType = sourcecode.swift; path = "ViewModifiers-done.swift"; sourceTree = "<group>"; };
/* End PBXFileReference section */

/* Begin PBXFrameworksBuildPhase section */
		005651B92BAE3B170080E586 /* Frameworks */ = {
			isa = PBXFrameworksBuildPhase;
			buildActionMask = 2147483647;
			files = (
				496DA1A42BE6DD5700FAF8F0 /* FirebaseDatabase in Frameworks */,
				496DA1B22BE6DD5700FAF8F0 /* FirebaseFunctionsCombine-Community in Frameworks */,
				496DA1AA2BE6DD5700FAF8F0 /* FirebaseFirestore in Frameworks */,
				496DA1962BE6DD5700FAF8F0 /* FirebaseAnalyticsSwift in Frameworks */,
				496DA1922BE6DD5700FAF8F0 /* FirebaseAnalytics in Frameworks */,
				496DA1942BE6DD5700FAF8F0 /* FirebaseAnalyticsOnDeviceConversion in Frameworks */,
				496DA1BA2BE6DD5700FAF8F0 /* FirebaseMLModelDownloader in Frameworks */,
				496DA1AE2BE6DD5700FAF8F0 /* FirebaseFirestoreSwift in Frameworks */,
				496DA19A2BE6DD5700FAF8F0 /* FirebaseAppCheck in Frameworks */,
				496DA1982BE6DD5700FAF8F0 /* FirebaseAnalyticsWithoutAdIdSupport in Frameworks */,
				496DA19E2BE6DD5700FAF8F0 /* FirebaseAuth in Frameworks */,
				496DA1A22BE6DD5700FAF8F0 /* FirebaseCrashlytics in Frameworks */,
				496DA1C22BE6DD5700FAF8F0 /* FirebaseRemoteConfigSwift in Frameworks */,
				496DA1B42BE6DD5700FAF8F0 /* FirebaseInAppMessaging-Beta in Frameworks */,
				496DA1A62BE6DD5700FAF8F0 /* FirebaseDatabaseSwift in Frameworks */,
				496DA1B02BE6DD5700FAF8F0 /* FirebaseFunctions in Frameworks */,
				496DA1C62BE6DD5700FAF8F0 /* FirebaseStorageCombine-Community in Frameworks */,
				496DA1C02BE6DD5700FAF8F0 /* FirebaseRemoteConfig in Frameworks */,
				496DA19C2BE6DD5700FAF8F0 /* FirebaseAppDistribution-Beta in Frameworks */,
				496DA1A02BE6DD5700FAF8F0 /* FirebaseAuthCombine-Community in Frameworks */,
				496DA1BE2BE6DD5700FAF8F0 /* FirebasePerformance in Frameworks */,
				496DA1B62BE6DD5700FAF8F0 /* FirebaseInAppMessagingSwift-Beta in Frameworks */,
				496DA1C42BE6DD5700FAF8F0 /* FirebaseStorage in Frameworks */,
				496DA1A82BE6DD5700FAF8F0 /* FirebaseDynamicLinks in Frameworks */,
				496DA1AC2BE6DD5700FAF8F0 /* FirebaseFirestoreCombine-Community in Frameworks */,
				496DA1BC2BE6DD5700FAF8F0 /* FirebaseMessaging in Frameworks */,
				496DA1B82BE6DD5700FAF8F0 /* FirebaseInstallations in Frameworks */,
			);
			runOnlyForDeploymentPostprocessing = 0;
		};
		005651C92BAE3B190080E586 /* Frameworks */ = {
			isa = PBXFrameworksBuildPhase;
			buildActionMask = 2147483647;
			files = (
			);
			runOnlyForDeploymentPostprocessing = 0;
		};
		005651D32BAE3B190080E586 /* Frameworks */ = {
			isa = PBXFrameworksBuildPhase;
			buildActionMask = 2147483647;
			files = (
			);
			runOnlyForDeploymentPostprocessing = 0;
		};
/* End PBXFrameworksBuildPhase section */

/* Begin PBXGroup section */
		005651B32BAE3B170080E586 = {
			isa = PBXGroup;
			children = (
				005651BE2BAE3B170080E586 /* PocketML_iOS */,
				005651CF2BAE3B190080E586 /* PocketML_iOSTests */,
				005651D92BAE3B190080E586 /* PocketML_iOSUITests */,
				005651BD2BAE3B170080E586 /* Products */,
			);
			sourceTree = "<group>";
		};
		005651BD2BAE3B170080E586 /* Products */ = {
			isa = PBXGroup;
			children = (
				005651BC2BAE3B170080E586 /* PocketML_iOS.app */,
				005651CC2BAE3B190080E586 /* PocketML_iOSTests.xctest */,
				005651D62BAE3B190080E586 /* PocketML_iOSUITests.xctest */,
			);
			name = Products;
			sourceTree = "<group>";
		};
		005651BE2BAE3B170080E586 /* PocketML_iOS */ = {
			isa = PBXGroup;
			children = (
				005651F72BAF61970080E586 /* TabNavigatorView-done.swift */,
				005651E92BAF044B0080E586 /* UserLoginView-done.swift */,
				496DA1C72BE6DF1700FAF8F0 /* AuthenticationManager-done.swift */,
				005651BF2BAE3B170080E586 /* TunerMLApp-done.swift */,
				005651C12BAE3B170080E586 /* ContentView-done.swift */,
				005651EB2BAF04720080E586 /* JobDashboardView-done.swift */,
				005651EF2BAF04ED0080E586 /* JobDetailsView-done.swift */,
				005651F12BAF05050080E586 /* ClustersView-done.swift */,
				EED1BCA32BD2F6C300684C07 /* ViewModifiers-done.swift */,
				005651C32BAE3B190080E586 /* Assets.xcassets */,
				005651F32BAF05380080E586 /* ScriptsView-done.swift */,
				4971A2D72BBF7C13009D352C /* Structures-done.swift */,
				005651F52BAF05470080E586 /* ScriptsDetailsView-done.swift */,
				C0CDF8F12BE716F10086982B /* GoogleService-Info.plist */,
				0057E84E2BE56BB7001F1E89 /* ViewModel */,
				005651C52BAE3B190080E586 /* Preview Content */,
			);
			path = PocketML_iOS;
			sourceTree = "<group>";
		};
		005651C52BAE3B190080E586 /* Preview Content */ = {
			isa = PBXGroup;
			children = (
				005651C62BAE3B190080E586 /* Preview Assets.xcassets */,
			);
			path = "Preview Content";
			sourceTree = "<group>";
		};
		005651CF2BAE3B190080E586 /* PocketML_iOSTests */ = {
			isa = PBXGroup;
			children = (
				005651D02BAE3B190080E586 /* PocketML_iOSTests.swift */,
			);
			path = PocketML_iOSTests;
			sourceTree = "<group>";
		};
		005651D92BAE3B190080E586 /* PocketML_iOSUITests */ = {
			isa = PBXGroup;
			children = (
				005651DA2BAE3B190080E586 /* PocketML_iOSUITests.swift */,
				005651DC2BAE3B190080E586 /* PocketML_iOSUITestsLaunchTests.swift */,
			);
			path = PocketML_iOSUITests;
			sourceTree = "<group>";
		};
		0057E84E2BE56BB7001F1E89 /* ViewModel */ = {
			isa = PBXGroup;
			children = (
				0057E84C2BE569D0001F1E89 /* JobsVM-done.swift */,
				0057E8572BE57561001F1E89 /* JobInfoVM-done.swift */,
			);
			path = ViewModel;
			sourceTree = "<group>";
		};
/* End PBXGroup section */

/* Begin PBXNativeTarget section */
		005651BB2BAE3B170080E586 /* PocketML_iOS */ = {
			isa = PBXNativeTarget;
			buildConfigurationList = 005651E02BAE3B190080E586 /* Build configuration list for PBXNativeTarget "PocketML_iOS" */;
			buildPhases = (
				005651B82BAE3B170080E586 /* Sources */,
				005651B92BAE3B170080E586 /* Frameworks */,
				005651BA2BAE3B170080E586 /* Resources */,
			);
			buildRules = (
			);
			dependencies = (
			);
			name = PocketML_iOS;
			packageProductDependencies = (
				496DA1912BE6DD5700FAF8F0 /* FirebaseAnalytics */,
				496DA1932BE6DD5700FAF8F0 /* FirebaseAnalyticsOnDeviceConversion */,
				496DA1952BE6DD5700FAF8F0 /* FirebaseAnalyticsSwift */,
				496DA1972BE6DD5700FAF8F0 /* FirebaseAnalyticsWithoutAdIdSupport */,
				496DA1992BE6DD5700FAF8F0 /* FirebaseAppCheck */,
				496DA19B2BE6DD5700FAF8F0 /* FirebaseAppDistribution-Beta */,
				496DA19D2BE6DD5700FAF8F0 /* FirebaseAuth */,
				496DA19F2BE6DD5700FAF8F0 /* FirebaseAuthCombine-Community */,
				496DA1A12BE6DD5700FAF8F0 /* FirebaseCrashlytics */,
				496DA1A32BE6DD5700FAF8F0 /* FirebaseDatabase */,
				496DA1A52BE6DD5700FAF8F0 /* FirebaseDatabaseSwift */,
				496DA1A72BE6DD5700FAF8F0 /* FirebaseDynamicLinks */,
				496DA1A92BE6DD5700FAF8F0 /* FirebaseFirestore */,
				496DA1AB2BE6DD5700FAF8F0 /* FirebaseFirestoreCombine-Community */,
				496DA1AD2BE6DD5700FAF8F0 /* FirebaseFirestoreSwift */,
				496DA1AF2BE6DD5700FAF8F0 /* FirebaseFunctions */,
				496DA1B12BE6DD5700FAF8F0 /* FirebaseFunctionsCombine-Community */,
				496DA1B32BE6DD5700FAF8F0 /* FirebaseInAppMessaging-Beta */,
				496DA1B52BE6DD5700FAF8F0 /* FirebaseInAppMessagingSwift-Beta */,
				496DA1B72BE6DD5700FAF8F0 /* FirebaseInstallations */,
				496DA1B92BE6DD5700FAF8F0 /* FirebaseMLModelDownloader */,
				496DA1BB2BE6DD5700FAF8F0 /* FirebaseMessaging */,
				496DA1BD2BE6DD5700FAF8F0 /* FirebasePerformance */,
				496DA1BF2BE6DD5700FAF8F0 /* FirebaseRemoteConfig */,
				496DA1C12BE6DD5700FAF8F0 /* FirebaseRemoteConfigSwift */,
				496DA1C32BE6DD5700FAF8F0 /* FirebaseStorage */,
				496DA1C52BE6DD5700FAF8F0 /* FirebaseStorageCombine-Community */,
			);
			productName = TunerML;
			productReference = 005651BC2BAE3B170080E586 /* PocketML_iOS.app */;
			productType = "com.apple.product-type.application";
		};
		005651CB2BAE3B190080E586 /* PocketML_iOSTests */ = {
			isa = PBXNativeTarget;
			buildConfigurationList = 005651E32BAE3B190080E586 /* Build configuration list for PBXNativeTarget "PocketML_iOSTests" */;
			buildPhases = (
				005651C82BAE3B190080E586 /* Sources */,
				005651C92BAE3B190080E586 /* Frameworks */,
				005651CA2BAE3B190080E586 /* Resources */,
			);
			buildRules = (
			);
			dependencies = (
				005651CE2BAE3B190080E586 /* PBXTargetDependency */,
			);
			name = PocketML_iOSTests;
			productName = TunerMLTests;
			productReference = 005651CC2BAE3B190080E586 /* PocketML_iOSTests.xctest */;
			productType = "com.apple.product-type.bundle.unit-test";
		};
		005651D52BAE3B190080E586 /* PocketML_iOSUITests */ = {
			isa = PBXNativeTarget;
			buildConfigurationList = 005651E62BAE3B190080E586 /* Build configuration list for PBXNativeTarget "PocketML_iOSUITests" */;
			buildPhases = (
				005651D22BAE3B190080E586 /* Sources */,
				005651D32BAE3B190080E586 /* Frameworks */,
				005651D42BAE3B190080E586 /* Resources */,
			);
			buildRules = (
			);
			dependencies = (
				005651D82BAE3B190080E586 /* PBXTargetDependency */,
			);
			name = PocketML_iOSUITests;
			productName = TunerMLUITests;
			productReference = 005651D62BAE3B190080E586 /* PocketML_iOSUITests.xctest */;
			productType = "com.apple.product-type.bundle.ui-testing";
		};
/* End PBXNativeTarget section */

/* Begin PBXProject section */
		005651B42BAE3B170080E586 /* Project object */ = {
			isa = PBXProject;
			attributes = {
				BuildIndependentTargetsInParallel = 1;
				LastSwiftUpdateCheck = 1530;
				LastUpgradeCheck = 1530;
				TargetAttributes = {
					005651BB2BAE3B170080E586 = {
						CreatedOnToolsVersion = 15.3;
					};
					005651CB2BAE3B190080E586 = {
						CreatedOnToolsVersion = 15.3;
						TestTargetID = 005651BB2BAE3B170080E586;
					};
					005651D52BAE3B190080E586 = {
						CreatedOnToolsVersion = 15.3;
						TestTargetID = 005651BB2BAE3B170080E586;
					};
				};
			};
			buildConfigurationList = 005651B72BAE3B170080E586 /* Build configuration list for PBXProject "PocketML_iOS" */;
			compatibilityVersion = "Xcode 14.0";
			developmentRegion = en;
			hasScannedForEncodings = 0;
			knownRegions = (
				en,
				Base,
			);
			mainGroup = 005651B32BAE3B170080E586;
			packageReferences = (
				496DA1902BE6DD5700FAF8F0 /* XCRemoteSwiftPackageReference "firebase-ios-sdk" */,
			);
			productRefGroup = 005651BD2BAE3B170080E586 /* Products */;
			projectDirPath = "";
			projectRoot = "";
			targets = (
				005651BB2BAE3B170080E586 /* PocketML_iOS */,
				005651CB2BAE3B190080E586 /* PocketML_iOSTests */,
				005651D52BAE3B190080E586 /* PocketML_iOSUITests */,
			);
		};
/* End PBXProject section */

/* Begin PBXResourcesBuildPhase section */
		005651BA2BAE3B170080E586 /* Resources */ = {
			isa = PBXResourcesBuildPhase;
			buildActionMask = 2147483647;
			files = (
				005651C72BAE3B190080E586 /* Preview Assets.xcassets in Resources */,
				C0CDF8F22BE716F10086982B /* GoogleService-Info.plist in Resources */,
				005651C42BAE3B190080E586 /* Assets.xcassets in Resources */,
			);
			runOnlyForDeploymentPostprocessing = 0;
		};
		005651CA2BAE3B190080E586 /* Resources */ = {
			isa = PBXResourcesBuildPhase;
			buildActionMask = 2147483647;
			files = (
			);
			runOnlyForDeploymentPostprocessing = 0;
		};
		005651D42BAE3B190080E586 /* Resources */ = {
			isa = PBXResourcesBuildPhase;
			buildActionMask = 2147483647;
			files = (
			);
			runOnlyForDeploymentPostprocessing = 0;
		};
/* End PBXResourcesBuildPhase section */

/* Begin PBXSourcesBuildPhase section */
		005651B82BAE3B170080E586 /* Sources */ = {
			isa = PBXSourcesBuildPhase;
			buildActionMask = 2147483647;
			files = (
				005651EA2BAF044B0080E586 /* UserLoginView-done.swift in Sources */,
				005651F22BAF05050080E586 /* ClustersView-done.swift in Sources */,
				EED1BCA42BD2F6C300684C07 /* ViewModifiers-done.swift in Sources */,
				0057E84D2BE569D0001F1E89 /* JobsVM-done.swift in Sources */,
				005651F82BAF61970080E586 /* TabNavigatorView-done.swift in Sources */,
				0057E8582BE57561001F1E89 /* JobInfoVM-done.swift in Sources */,
				005651C22BAE3B170080E586 /* ContentView-done.swift in Sources */,
				005651F42BAF05380080E586 /* ScriptsView-done.swift in Sources */,
				4971A2D82BBF7C13009D352C /* Structures-done.swift in Sources */,
				496DA1C82BE6DF1700FAF8F0 /* AuthenticationManager-done.swift in Sources */,
				005651F62BAF05470080E586 /* ScriptsDetailsView-done.swift in Sources */,
				005651F02BAF04ED0080E586 /* JobDetailsView-done.swift in Sources */,
				005651C02BAE3B170080E586 /* TunerMLApp-done.swift in Sources */,
				005651EC2BAF04720080E586 /* JobDashboardView-done.swift in Sources */,
			);
			runOnlyForDeploymentPostprocessing = 0;
		};
		005651C82BAE3B190080E586 /* Sources */ = {
			isa = PBXSourcesBuildPhase;
			buildActionMask = 2147483647;
			files = (
				005651D12BAE3B190080E586 /* PocketML_iOSTests.swift in Sources */,
			);
			runOnlyForDeploymentPostprocessing = 0;
		};
		005651D22BAE3B190080E586 /* Sources */ = {
			isa = PBXSourcesBuildPhase;
			buildActionMask = 2147483647;
			files = (
				005651DD2BAE3B190080E586 /* PocketML_iOSUITestsLaunchTests.swift in Sources */,
				005651DB2BAE3B190080E586 /* PocketML_iOSUITests.swift in Sources */,
			);
			runOnlyForDeploymentPostprocessing = 0;
		};
/* End PBXSourcesBuildPhase section */

/* Begin PBXTargetDependency section */
		005651CE2BAE3B190080E586 /* PBXTargetDependency */ = {
			isa = PBXTargetDependency;
			target = 005651BB2BAE3B170080E586 /* PocketML_iOS */;
			targetProxy = 005651CD2BAE3B190080E586 /* PBXContainerItemProxy */;
		};
		005651D82BAE3B190080E586 /* PBXTargetDependency */ = {
			isa = PBXTargetDependency;
			target = 005651BB2BAE3B170080E586 /* PocketML_iOS */;
			targetProxy = 005651D72BAE3B190080E586 /* PBXContainerItemProxy */;
		};
/* End PBXTargetDependency section */

/* Begin XCBuildConfiguration section */
		005651DE2BAE3B190080E586 /* Debug */ = {
			isa = XCBuildConfiguration;
			buildSettings = {
				ALWAYS_SEARCH_USER_PATHS = NO;
				ASSETCATALOG_COMPILER_GENERATE_SWIFT_ASSET_SYMBOL_EXTENSIONS = YES;
				CLANG_ANALYZER_NONNULL = YES;
				CLANG_ANALYZER_NUMBER_OBJECT_CONVERSION = YES_AGGRESSIVE;
				CLANG_CXX_LANGUAGE_STANDARD = "gnu++20";
				CLANG_ENABLE_MODULES = YES;
				CLANG_ENABLE_OBJC_ARC = YES;
				CLANG_ENABLE_OBJC_WEAK = YES;
				CLANG_WARN_BLOCK_CAPTURE_AUTORELEASING = YES;
				CLANG_WARN_BOOL_CONVERSION = YES;
				CLANG_WARN_COMMA = YES;
				CLANG_WARN_CONSTANT_CONVERSION = YES;
				CLANG_WARN_DEPRECATED_OBJC_IMPLEMENTATIONS = YES;
				CLANG_WARN_DIRECT_OBJC_ISA_USAGE = YES_ERROR;
				CLANG_WARN_DOCUMENTATION_COMMENTS = YES;
				CLANG_WARN_EMPTY_BODY = YES;
				CLANG_WARN_ENUM_CONVERSION = YES;
				CLANG_WARN_INFINITE_RECURSION = YES;
				CLANG_WARN_INT_CONVERSION = YES;
				CLANG_WARN_NON_LITERAL_NULL_CONVERSION = YES;
				CLANG_WARN_OBJC_IMPLICIT_RETAIN_SELF = YES;
				CLANG_WARN_OBJC_LITERAL_CONVERSION = YES;
				CLANG_WARN_OBJC_ROOT_CLASS = YES_ERROR;
				CLANG_WARN_QUOTED_INCLUDE_IN_FRAMEWORK_HEADER = YES;
				CLANG_WARN_RANGE_LOOP_ANALYSIS = YES;
				CLANG_WARN_STRICT_PROTOTYPES = YES;
				CLANG_WARN_SUSPICIOUS_MOVE = YES;
				CLANG_WARN_UNGUARDED_AVAILABILITY = YES_AGGRESSIVE;
				CLANG_WARN_UNREACHABLE_CODE = YES;
				CLANG_WARN__DUPLICATE_METHOD_MATCH = YES;
				COPY_PHASE_STRIP = NO;
				DEBUG_INFORMATION_FORMAT = dwarf;
				ENABLE_STRICT_OBJC_MSGSEND = YES;
				ENABLE_TESTABILITY = YES;
				ENABLE_USER_SCRIPT_SANDBOXING = YES;
				GCC_C_LANGUAGE_STANDARD = gnu17;
				GCC_DYNAMIC_NO_PIC = NO;
				GCC_NO_COMMON_BLOCKS = YES;
				GCC_OPTIMIZATION_LEVEL = 0;
				GCC_PREPROCESSOR_DEFINITIONS = (
					"DEBUG=1",
					"$(inherited)",
				);
				GCC_WARN_64_TO_32_BIT_CONVERSION = YES;
				GCC_WARN_ABOUT_RETURN_TYPE = YES_ERROR;
				GCC_WARN_UNDECLARED_SELECTOR = YES;
				GCC_WARN_UNINITIALIZED_AUTOS = YES_AGGRESSIVE;
				GCC_WARN_UNUSED_FUNCTION = YES;
				GCC_WARN_UNUSED_VARIABLE = YES;
				IPHONEOS_DEPLOYMENT_TARGET = 17.4;
				LOCALIZATION_PREFERS_STRING_CATALOGS = YES;
				MTL_ENABLE_DEBUG_INFO = INCLUDE_SOURCE;
				MTL_FAST_MATH = YES;
				ONLY_ACTIVE_ARCH = YES;
				SDKROOT = iphoneos;
				SWIFT_ACTIVE_COMPILATION_CONDITIONS = "DEBUG $(inherited)";
				SWIFT_OPTIMIZATION_LEVEL = "-Onone";
			};
			name = Debug;
		};
		005651DF2BAE3B190080E586 /* Release */ = {
			isa = XCBuildConfiguration;
			buildSettings = {
				ALWAYS_SEARCH_USER_PATHS = NO;
				ASSETCATALOG_COMPILER_GENERATE_SWIFT_ASSET_SYMBOL_EXTENSIONS = YES;
				CLANG_ANALYZER_NONNULL = YES;
				CLANG_ANALYZER_NUMBER_OBJECT_CONVERSION = YES_AGGRESSIVE;
				CLANG_CXX_LANGUAGE_STANDARD = "gnu++20";
				CLANG_ENABLE_MODULES = YES;
				CLANG_ENABLE_OBJC_ARC = YES;
				CLANG_ENABLE_OBJC_WEAK = YES;
				CLANG_WARN_BLOCK_CAPTURE_AUTORELEASING = YES;
				CLANG_WARN_BOOL_CONVERSION = YES;
				CLANG_WARN_COMMA = YES;
				CLANG_WARN_CONSTANT_CONVERSION = YES;
				CLANG_WARN_DEPRECATED_OBJC_IMPLEMENTATIONS = YES;
				CLANG_WARN_DIRECT_OBJC_ISA_USAGE = YES_ERROR;
				CLANG_WARN_DOCUMENTATION_COMMENTS = YES;
				CLANG_WARN_EMPTY_BODY = YES;
				CLANG_WARN_ENUM_CONVERSION = YES;
				CLANG_WARN_INFINITE_RECURSION = YES;
				CLANG_WARN_INT_CONVERSION = YES;
				CLANG_WARN_NON_LITERAL_NULL_CONVERSION = YES;
				CLANG_WARN_OBJC_IMPLICIT_RETAIN_SELF = YES;
				CLANG_WARN_OBJC_LITERAL_CONVERSION = YES;
				CLANG_WARN_OBJC_ROOT_CLASS = YES_ERROR;
				CLANG_WARN_QUOTED_INCLUDE_IN_FRAMEWORK_HEADER = YES;
				CLANG_WARN_RANGE_LOOP_ANALYSIS = YES;
				CLANG_WARN_STRICT_PROTOTYPES = YES;
				CLANG_WARN_SUSPICIOUS_MOVE = YES;
				CLANG_WARN_UNGUARDED_AVAILABILITY = YES_AGGRESSIVE;
				CLANG_WARN_UNREACHABLE_CODE = YES;
				CLANG_WARN__DUPLICATE_METHOD_MATCH = YES;
				COPY_PHASE_STRIP = NO;
				DEBUG_INFORMATION_FORMAT = "dwarf-with-dsym";
				ENABLE_NS_ASSERTIONS = NO;
				ENABLE_STRICT_OBJC_MSGSEND = YES;
				ENABLE_USER_SCRIPT_SANDBOXING = YES;
				GCC_C_LANGUAGE_STANDARD = gnu17;
				GCC_NO_COMMON_BLOCKS = YES;
				GCC_WARN_64_TO_32_BIT_CONVERSION = YES;
				GCC_WARN_ABOUT_RETURN_TYPE = YES_ERROR;
				GCC_WARN_UNDECLARED_SELECTOR = YES;
				GCC_WARN_UNINITIALIZED_AUTOS = YES_AGGRESSIVE;
				GCC_WARN_UNUSED_FUNCTION = YES;
				GCC_WARN_UNUSED_VARIABLE = YES;
				IPHONEOS_DEPLOYMENT_TARGET = 17.4;
				LOCALIZATION_PREFERS_STRING_CATALOGS = YES;
				MTL_ENABLE_DEBUG_INFO = NO;
				MTL_FAST_MATH = YES;
				SDKROOT = iphoneos;
				SWIFT_COMPILATION_MODE = wholemodule;
				VALIDATE_PRODUCT = YES;
			};
			name = Release;
		};
		005651E12BAE3B190080E586 /* Debug */ = {
			isa = XCBuildConfiguration;
			buildSettings = {
				ASSETCATALOG_COMPILER_APPICON_NAME = AppIcon;
				ASSETCATALOG_COMPILER_GLOBAL_ACCENT_COLOR_NAME = AccentColor;
				CODE_SIGN_STYLE = Automatic;
				CURRENT_PROJECT_VERSION = 1;
				DEVELOPMENT_ASSET_PATHS = "\"PocketML_iOS/Preview Content\"";
				DEVELOPMENT_TEAM = P5ST498MF7;
				ENABLE_PREVIEWS = YES;
				GENERATE_INFOPLIST_FILE = YES;
				INFOPLIST_KEY_UIApplicationSceneManifest_Generation = YES;
				INFOPLIST_KEY_UIApplicationSupportsIndirectInputEvents = YES;
				INFOPLIST_KEY_UILaunchScreen_Generation = YES;
				INFOPLIST_KEY_UISupportedInterfaceOrientations_iPad = "UIInterfaceOrientationPortrait UIInterfaceOrientationPortraitUpsideDown UIInterfaceOrientationLandscapeLeft UIInterfaceOrientationLandscapeRight";
				INFOPLIST_KEY_UISupportedInterfaceOrientations_iPhone = "UIInterfaceOrientationPortrait UIInterfaceOrientationLandscapeLeft UIInterfaceOrientationLandscapeRight";
				LD_RUNPATH_SEARCH_PATHS = (
					"$(inherited)",
					"@executable_path/Frameworks",
				);
				MARKETING_VERSION = 1.0;
				PRODUCT_BUNDLE_IDENTIFIER = com.iosPractice..TunerML;
				PRODUCT_NAME = "$(TARGET_NAME)";
				SUPPORTED_PLATFORMS = "iphoneos iphonesimulator";
				SUPPORTS_MACCATALYST = NO;
				SUPPORTS_MAC_DESIGNED_FOR_IPHONE_IPAD = NO;
				SWIFT_EMIT_LOC_STRINGS = YES;
				SWIFT_VERSION = 5.0;
				TARGETED_DEVICE_FAMILY = "1,2";
			};
			name = Debug;
		};
		005651E22BAE3B190080E586 /* Release */ = {
			isa = XCBuildConfiguration;
			buildSettings = {
				ASSETCATALOG_COMPILER_APPICON_NAME = AppIcon;
				ASSETCATALOG_COMPILER_GLOBAL_ACCENT_COLOR_NAME = AccentColor;
				CODE_SIGN_STYLE = Automatic;
				CURRENT_PROJECT_VERSION = 1;
				DEVELOPMENT_ASSET_PATHS = "\"PocketML_iOS/Preview Content\"";
				DEVELOPMENT_TEAM = P5ST498MF7;
				ENABLE_PREVIEWS = YES;
				GENERATE_INFOPLIST_FILE = YES;
				INFOPLIST_KEY_UIApplicationSceneManifest_Generation = YES;
				INFOPLIST_KEY_UIApplicationSupportsIndirectInputEvents = YES;
				INFOPLIST_KEY_UILaunchScreen_Generation = YES;
				INFOPLIST_KEY_UISupportedInterfaceOrientations_iPad = "UIInterfaceOrientationPortrait UIInterfaceOrientationPortraitUpsideDown UIInterfaceOrientationLandscapeLeft UIInterfaceOrientationLandscapeRight";
				INFOPLIST_KEY_UISupportedInterfaceOrientations_iPhone = "UIInterfaceOrientationPortrait UIInterfaceOrientationLandscapeLeft UIInterfaceOrientationLandscapeRight";
				LD_RUNPATH_SEARCH_PATHS = (
					"$(inherited)",
					"@executable_path/Frameworks",
				);
				MARKETING_VERSION = 1.0;
				PRODUCT_BUNDLE_IDENTIFIER = com.iosPractice..TunerML;
				PRODUCT_NAME = "$(TARGET_NAME)";
				SUPPORTED_PLATFORMS = "iphoneos iphonesimulator";
				SUPPORTS_MACCATALYST = NO;
				SUPPORTS_MAC_DESIGNED_FOR_IPHONE_IPAD = NO;
				SWIFT_EMIT_LOC_STRINGS = YES;
				SWIFT_VERSION = 5.0;
				TARGETED_DEVICE_FAMILY = "1,2";
			};
			name = Release;
		};
		005651E42BAE3B190080E586 /* Debug */ = {
			isa = XCBuildConfiguration;
			buildSettings = {
				ALWAYS_EMBED_SWIFT_STANDARD_LIBRARIES = YES;
				BUNDLE_LOADER = "$(TEST_HOST)";
				CODE_SIGN_STYLE = Automatic;
				CURRENT_PROJECT_VERSION = 1;
				DEVELOPMENT_TEAM = W2YH654JDR;
				GENERATE_INFOPLIST_FILE = YES;
				IPHONEOS_DEPLOYMENT_TARGET = 17.4;
				MARKETING_VERSION = 1.0;
				PRODUCT_BUNDLE_IDENTIFIER = com.iosPractice..TunerMLTests;
				PRODUCT_NAME = "$(TARGET_NAME)";
				SWIFT_EMIT_LOC_STRINGS = NO;
				SWIFT_VERSION = 5.0;
				TARGETED_DEVICE_FAMILY = "1,2";
				TEST_HOST = "$(BUILT_PRODUCTS_DIR)/PocketML_iOS.app/$(BUNDLE_EXECUTABLE_FOLDER_PATH)/PocketML_iOS";
			};
			name = Debug;
		};
		005651E52BAE3B190080E586 /* Release */ = {
			isa = XCBuildConfiguration;
			buildSettings = {
				ALWAYS_EMBED_SWIFT_STANDARD_LIBRARIES = YES;
				BUNDLE_LOADER = "$(TEST_HOST)";
				CODE_SIGN_STYLE = Automatic;
				CURRENT_PROJECT_VERSION = 1;
				DEVELOPMENT_TEAM = W2YH654JDR;
				GENERATE_INFOPLIST_FILE = YES;
				IPHONEOS_DEPLOYMENT_TARGET = 17.4;
				MARKETING_VERSION = 1.0;
				PRODUCT_BUNDLE_IDENTIFIER = com.iosPractice..TunerMLTests;
				PRODUCT_NAME = "$(TARGET_NAME)";
				SWIFT_EMIT_LOC_STRINGS = NO;
				SWIFT_VERSION = 5.0;
				TARGETED_DEVICE_FAMILY = "1,2";
				TEST_HOST = "$(BUILT_PRODUCTS_DIR)/PocketML_iOS.app/$(BUNDLE_EXECUTABLE_FOLDER_PATH)/PocketML_iOS";
			};
			name = Release;
		};
		005651E72BAE3B190080E586 /* Debug */ = {
			isa = XCBuildConfiguration;
			buildSettings = {
				ALWAYS_EMBED_SWIFT_STANDARD_LIBRARIES = YES;
				CODE_SIGN_STYLE = Automatic;
				CURRENT_PROJECT_VERSION = 1;
				DEVELOPMENT_TEAM = W2YH654JDR;
				GENERATE_INFOPLIST_FILE = YES;
				MARKETING_VERSION = 1.0;
				PRODUCT_BUNDLE_IDENTIFIER = com.iosPractice..TunerMLUITests;
				PRODUCT_NAME = "$(TARGET_NAME)";
				SWIFT_EMIT_LOC_STRINGS = NO;
				SWIFT_VERSION = 5.0;
				TARGETED_DEVICE_FAMILY = "1,2";
				TEST_TARGET_NAME = TunerML;
			};
			name = Debug;
		};
		005651E82BAE3B190080E586 /* Release */ = {
			isa = XCBuildConfiguration;
			buildSettings = {
				ALWAYS_EMBED_SWIFT_STANDARD_LIBRARIES = YES;
				CODE_SIGN_STYLE = Automatic;
				CURRENT_PROJECT_VERSION = 1;
				DEVELOPMENT_TEAM = W2YH654JDR;
				GENERATE_INFOPLIST_FILE = YES;
				MARKETING_VERSION = 1.0;
				PRODUCT_BUNDLE_IDENTIFIER = com.iosPractice..TunerMLUITests;
				PRODUCT_NAME = "$(TARGET_NAME)";
				SWIFT_EMIT_LOC_STRINGS = NO;
				SWIFT_VERSION = 5.0;
				TARGETED_DEVICE_FAMILY = "1,2";
				TEST_TARGET_NAME = TunerML;
			};
			name = Release;
		};
/* End XCBuildConfiguration section */

/* Begin XCConfigurationList section */
		005651B72BAE3B170080E586 /* Build configuration list for PBXProject "PocketML_iOS" */ = {
			isa = XCConfigurationList;
			buildConfigurations = (
				005651DE2BAE3B190080E586 /* Debug */,
				005651DF2BAE3B190080E586 /* Release */,
			);
			defaultConfigurationIsVisible = 0;
			defaultConfigurationName = Release;
		};
		005651E02BAE3B190080E586 /* Build configuration list for PBXNativeTarget "PocketML_iOS" */ = {
			isa = XCConfigurationList;
			buildConfigurations = (
				005651E12BAE3B190080E586 /* Debug */,
				005651E22BAE3B190080E586 /* Release */,
			);
			defaultConfigurationIsVisible = 0;
			defaultConfigurationName = Release;
		};
		005651E32BAE3B190080E586 /* Build configuration list for PBXNativeTarget "PocketML_iOSTests" */ = {
			isa = XCConfigurationList;
			buildConfigurations = (
				005651E42BAE3B190080E586 /* Debug */,
				005651E52BAE3B190080E586 /* Release */,
			);
			defaultConfigurationIsVisible = 0;
			defaultConfigurationName = Release;
		};
		005651E62BAE3B190080E586 /* Build configuration list for PBXNativeTarget "PocketML_iOSUITests" */ = {
			isa = XCConfigurationList;
			buildConfigurations = (
				005651E72BAE3B190080E586 /* Debug */,
				005651E82BAE3B190080E586 /* Release */,
			);
			defaultConfigurationIsVisible = 0;
			defaultConfigurationName = Release;
		};
/* End XCConfigurationList section */

/* Begin XCRemoteSwiftPackageReference section */
		496DA1902BE6DD5700FAF8F0 /* XCRemoteSwiftPackageReference "firebase-ios-sdk" */ = {
			isa = XCRemoteSwiftPackageReference;
			repositoryURL = "https://github.com/firebase/firebase-ios-sdk.git";
			requirement = {
				kind = upToNextMajorVersion;
				minimumVersion = 10.25.0;
			};
		};
/* End XCRemoteSwiftPackageReference section */

/* Begin XCSwiftPackageProductDependency section */
		496DA1912BE6DD5700FAF8F0 /* FirebaseAnalytics */ = {
			isa = XCSwiftPackageProductDependency;
			package = 496DA1902BE6DD5700FAF8F0 /* XCRemoteSwiftPackageReference "firebase-ios-sdk" */;
			productName = FirebaseAnalytics;
		};
		496DA1932BE6DD5700FAF8F0 /* FirebaseAnalyticsOnDeviceConversion */ = {
			isa = XCSwiftPackageProductDependency;
			package = 496DA1902BE6DD5700FAF8F0 /* XCRemoteSwiftPackageReference "firebase-ios-sdk" */;
			productName = FirebaseAnalyticsOnDeviceConversion;
		};
		496DA1952BE6DD5700FAF8F0 /* FirebaseAnalyticsSwift */ = {
			isa = XCSwiftPackageProductDependency;
			package = 496DA1902BE6DD5700FAF8F0 /* XCRemoteSwiftPackageReference "firebase-ios-sdk" */;
			productName = FirebaseAnalyticsSwift;
		};
		496DA1972BE6DD5700FAF8F0 /* FirebaseAnalyticsWithoutAdIdSupport */ = {
			isa = XCSwiftPackageProductDependency;
			package = 496DA1902BE6DD5700FAF8F0 /* XCRemoteSwiftPackageReference "firebase-ios-sdk" */;
			productName = FirebaseAnalyticsWithoutAdIdSupport;
		};
		496DA1992BE6DD5700FAF8F0 /* FirebaseAppCheck */ = {
			isa = XCSwiftPackageProductDependency;
			package = 496DA1902BE6DD5700FAF8F0 /* XCRemoteSwiftPackageReference "firebase-ios-sdk" */;
			productName = FirebaseAppCheck;
		};
		496DA19B2BE6DD5700FAF8F0 /* FirebaseAppDistribution-Beta */ = {
			isa = XCSwiftPackageProductDependency;
			package = 496DA1902BE6DD5700FAF8F0 /* XCRemoteSwiftPackageReference "firebase-ios-sdk" */;
			productName = "FirebaseAppDistribution-Beta";
		};
		496DA19D2BE6DD5700FAF8F0 /* FirebaseAuth */ = {
			isa = XCSwiftPackageProductDependency;
			package = 496DA1902BE6DD5700FAF8F0 /* XCRemoteSwiftPackageReference "firebase-ios-sdk" */;
			productName = FirebaseAuth;
		};
		496DA19F2BE6DD5700FAF8F0 /* FirebaseAuthCombine-Community */ = {
			isa = XCSwiftPackageProductDependency;
			package = 496DA1902BE6DD5700FAF8F0 /* XCRemoteSwiftPackageReference "firebase-ios-sdk" */;
			productName = "FirebaseAuthCombine-Community";
		};
		496DA1A12BE6DD5700FAF8F0 /* FirebaseCrashlytics */ = {
			isa = XCSwiftPackageProductDependency;
			package = 496DA1902BE6DD5700FAF8F0 /* XCRemoteSwiftPackageReference "firebase-ios-sdk" */;
			productName = FirebaseCrashlytics;
		};
		496DA1A32BE6DD5700FAF8F0 /* FirebaseDatabase */ = {
			isa = XCSwiftPackageProductDependency;
			package = 496DA1902BE6DD5700FAF8F0 /* XCRemoteSwiftPackageReference "firebase-ios-sdk" */;
			productName = FirebaseDatabase;
		};
		496DA1A52BE6DD5700FAF8F0 /* FirebaseDatabaseSwift */ = {
			isa = XCSwiftPackageProductDependency;
			package = 496DA1902BE6DD5700FAF8F0 /* XCRemoteSwiftPackageReference "firebase-ios-sdk" */;
			productName = FirebaseDatabaseSwift;
		};
		496DA1A72BE6DD5700FAF8F0 /* FirebaseDynamicLinks */ = {
			isa = XCSwiftPackageProductDependency;
			package = 496DA1902BE6DD5700FAF8F0 /* XCRemoteSwiftPackageReference "firebase-ios-sdk" */;
			productName = FirebaseDynamicLinks;
		};
		496DA1A92BE6DD5700FAF8F0 /* FirebaseFirestore */ = {
			isa = XCSwiftPackageProductDependency;
			package = 496DA1902BE6DD5700FAF8F0 /* XCRemoteSwiftPackageReference "firebase-ios-sdk" */;
			productName = FirebaseFirestore;
		};
		496DA1AB2BE6DD5700FAF8F0 /* FirebaseFirestoreCombine-Community */ = {
			isa = XCSwiftPackageProductDependency;
			package = 496DA1902BE6DD5700FAF8F0 /* XCRemoteSwiftPackageReference "firebase-ios-sdk" */;
			productName = "FirebaseFirestoreCombine-Community";
		};
		496DA1AD2BE6DD5700FAF8F0 /* FirebaseFirestoreSwift */ = {
			isa = XCSwiftPackageProductDependency;
			package = 496DA1902BE6DD5700FAF8F0 /* XCRemoteSwiftPackageReference "firebase-ios-sdk" */;
			productName = FirebaseFirestoreSwift;
		};
		496DA1AF2BE6DD5700FAF8F0 /* FirebaseFunctions */ = {
			isa = XCSwiftPackageProductDependency;
			package = 496DA1902BE6DD5700FAF8F0 /* XCRemoteSwiftPackageReference "firebase-ios-sdk" */;
			productName = FirebaseFunctions;
		};
		496DA1B12BE6DD5700FAF8F0 /* FirebaseFunctionsCombine-Community */ = {
			isa = XCSwiftPackageProductDependency;
			package = 496DA1902BE6DD5700FAF8F0 /* XCRemoteSwiftPackageReference "firebase-ios-sdk" */;
			productName = "FirebaseFunctionsCombine-Community";
		};
		496DA1B32BE6DD5700FAF8F0 /* FirebaseInAppMessaging-Beta */ = {
			isa = XCSwiftPackageProductDependency;
			package = 496DA1902BE6DD5700FAF8F0 /* XCRemoteSwiftPackageReference "firebase-ios-sdk" */;
			productName = "FirebaseInAppMessaging-Beta";
		};
		496DA1B52BE6DD5700FAF8F0 /* FirebaseInAppMessagingSwift-Beta */ = {
			isa = XCSwiftPackageProductDependency;
			package = 496DA1902BE6DD5700FAF8F0 /* XCRemoteSwiftPackageReference "firebase-ios-sdk" */;
			productName = "FirebaseInAppMessagingSwift-Beta";
		};
		496DA1B72BE6DD5700FAF8F0 /* FirebaseInstallations */ = {
			isa = XCSwiftPackageProductDependency;
			package = 496DA1902BE6DD5700FAF8F0 /* XCRemoteSwiftPackageReference "firebase-ios-sdk" */;
			productName = FirebaseInstallations;
		};
		496DA1B92BE6DD5700FAF8F0 /* FirebaseMLModelDownloader */ = {
			isa = XCSwiftPackageProductDependency;
			package = 496DA1902BE6DD5700FAF8F0 /* XCRemoteSwiftPackageReference "firebase-ios-sdk" */;
			productName = FirebaseMLModelDownloader;
		};
		496DA1BB2BE6DD5700FAF8F0 /* FirebaseMessaging */ = {
			isa = XCSwiftPackageProductDependency;
			package = 496DA1902BE6DD5700FAF8F0 /* XCRemoteSwiftPackageReference "firebase-ios-sdk" */;
			productName = FirebaseMessaging;
		};
		496DA1BD2BE6DD5700FAF8F0 /* FirebasePerformance */ = {
			isa = XCSwiftPackageProductDependency;
			package = 496DA1902BE6DD5700FAF8F0 /* XCRemoteSwiftPackageReference "firebase-ios-sdk" */;
			productName = FirebasePerformance;
		};
		496DA1BF2BE6DD5700FAF8F0 /* FirebaseRemoteConfig */ = {
			isa = XCSwiftPackageProductDependency;
			package = 496DA1902BE6DD5700FAF8F0 /* XCRemoteSwiftPackageReference "firebase-ios-sdk" */;
			productName = FirebaseRemoteConfig;
		};
		496DA1C12BE6DD5700FAF8F0 /* FirebaseRemoteConfigSwift */ = {
			isa = XCSwiftPackageProductDependency;
			package = 496DA1902BE6DD5700FAF8F0 /* XCRemoteSwiftPackageReference "firebase-ios-sdk" */;
			productName = FirebaseRemoteConfigSwift;
		};
		496DA1C32BE6DD5700FAF8F0 /* FirebaseStorage */ = {
			isa = XCSwiftPackageProductDependency;
			package = 496DA1902BE6DD5700FAF8F0 /* XCRemoteSwiftPackageReference "firebase-ios-sdk" */;
			productName = FirebaseStorage;
		};
		496DA1C52BE6DD5700FAF8F0 /* FirebaseStorageCombine-Community */ = {
			isa = XCSwiftPackageProductDependency;
			package = 496DA1902BE6DD5700FAF8F0 /* XCRemoteSwiftPackageReference "firebase-ios-sdk" */;
			productName = "FirebaseStorageCombine-Community";
		};
/* End XCSwiftPackageProductDependency section */
	};
	rootObject = 005651B42BAE3B170080E586 /* Project object */;
}
